// !$*UTF8*$!
{
	archiveVersion = 1;
	classes = {
	};
	objectVersion = 46;
	objects = {

/* Begin PBXBuildFile section */
		FE7C3E281F9852BF007501DA /* main.m in Sources */ = {isa = PBXBuildFile; fileRef = FE7C3E271F9852BF007501DA /* main.m */; };
		FE7C3E2B1F9852BF007501DA /* AppDelegate.m in Sources */ = {isa = PBXBuildFile; fileRef = FE7C3E2A1F9852BF007501DA /* AppDelegate.m */; };
		FE7C3E2E1F9852BF007501DA /* ViewController.m in Sources */ = {isa = PBXBuildFile; fileRef = FE7C3E2D1F9852BF007501DA /* ViewController.m */; };
		FE7C3E311F9852BF007501DA /* Main.storyboard in Resources */ = {isa = PBXBuildFile; fileRef = FE7C3E2F1F9852BF007501DA /* Main.storyboard */; };
		FE7C3E331F9852BF007501DA /* Assets.xcassets in Resources */ = {isa = PBXBuildFile; fileRef = FE7C3E321F9852BF007501DA /* Assets.xcassets */; };
		FE7C3E361F9852BF007501DA /* LaunchScreen.storyboard in Resources */ = {isa = PBXBuildFile; fileRef = FE7C3E341F9852BF007501DA /* LaunchScreen.storyboard */; };
		FE7C3E411F9854DC007501DA /* Configs.json in Resources */ = {isa = PBXBuildFile; fileRef = FE7C3E3F1F9854DC007501DA /* Configs.json */; };
		FE7C3E421F9854DC007501DA /* Schedules.json in Resources */ = {isa = PBXBuildFile; fileRef = FE7C3E401F9854DC007501DA /* Schedules.json */; };
		FE7C3E451F985583007501DA /* Configs.m in Sources */ = {isa = PBXBuildFile; fileRef = FE7C3E441F985583007501DA /* Configs.m */; };
		FE7C3E481F9857D4007501DA /* ConfigManager.m in Sources */ = {isa = PBXBuildFile; fileRef = FE7C3E471F9857D4007501DA /* ConfigManager.m */; };
		FE7C3E491F986F7E007501DA /* Configs.json in Sources */ = {isa = PBXBuildFile; fileRef = FE7C3E3F1F9854DC007501DA /* Configs.json */; };
		FE7C3E4A1F986F7E007501DA /* Schedules.json in Sources */ = {isa = PBXBuildFile; fileRef = FE7C3E401F9854DC007501DA /* Schedules.json */; };
		FE7C3E4D1F987CB1007501DA /* Schedule.m in Sources */ = {isa = PBXBuildFile; fileRef = FE7C3E4C1F987CB1007501DA /* Schedule.m */; };
		FE7C3E501F987CC0007501DA /* ScheduleManager.m in Sources */ = {isa = PBXBuildFile; fileRef = FE7C3E4F1F987CC0007501DA /* ScheduleManager.m */; };
		FE7C3E531F987E0D007501DA /* ToolClass.m in Sources */ = {isa = PBXBuildFile; fileRef = FE7C3E521F987E0D007501DA /* ToolClass.m */; };
/* End PBXBuildFile section */

/* Begin PBXFileReference section */
		FE7C3E231F9852BF007501DA /* OOC-HomeWork.app */ = {isa = PBXFileReference; explicitFileType = wrapper.application; includeInIndex = 0; path = "OOC-HomeWork.app"; sourceTree = BUILT_PRODUCTS_DIR; };
		FE7C3E271F9852BF007501DA /* main.m */ = {isa = PBXFileReference; lastKnownFileType = sourcecode.c.objc; path = main.m; sourceTree = "<group>"; };
		FE7C3E291F9852BF007501DA /* AppDelegate.h */ = {isa = PBXFileReference; lastKnownFileType = sourcecode.c.h; path = AppDelegate.h; sourceTree = "<group>"; };
		FE7C3E2A1F9852BF007501DA /* AppDelegate.m */ = {isa = PBXFileReference; lastKnownFileType = sourcecode.c.objc; path = AppDelegate.m; sourceTree = "<group>"; };
		FE7C3E2C1F9852BF007501DA /* ViewController.h */ = {isa = PBXFileReference; lastKnownFileType = sourcecode.c.h; path = ViewController.h; sourceTree = "<group>"; };
		FE7C3E2D1F9852BF007501DA /* ViewController.m */ = {isa = PBXFileReference; lastKnownFileType = sourcecode.c.objc; path = ViewController.m; sourceTree = "<group>"; };
		FE7C3E301F9852BF007501DA /* Base */ = {isa = PBXFileReference; lastKnownFileType = file.storyboard; name = Base; path = Base.lproj/Main.storyboard; sourceTree = "<group>"; };
		FE7C3E321F9852BF007501DA /* Assets.xcassets */ = {isa = PBXFileReference; lastKnownFileType = folder.assetcatalog; path = Assets.xcassets; sourceTree = "<group>"; };
		FE7C3E351F9852BF007501DA /* Base */ = {isa = PBXFileReference; lastKnownFileType = file.storyboard; name = Base; path = Base.lproj/LaunchScreen.storyboard; sourceTree = "<group>"; };
		FE7C3E371F9852BF007501DA /* Info.plist */ = {isa = PBXFileReference; lastKnownFileType = text.plist.xml; path = Info.plist; sourceTree = "<group>"; };
		FE7C3E3F1F9854DC007501DA /* Configs.json */ = {isa = PBXFileReference; fileEncoding = 4; lastKnownFileType = text.json; path = Configs.json; sourceTree = "<group>"; };
		FE7C3E401F9854DC007501DA /* Schedules.json */ = {isa = PBXFileReference; fileEncoding = 4; lastKnownFileType = text.json; path = Schedules.json; sourceTree = "<group>"; };
		FE7C3E431F985583007501DA /* Configs.h */ = {isa = PBXFileReference; fileEncoding = 4; lastKnownFileType = sourcecode.c.h; path = Configs.h; sourceTree = "<group>"; };
		FE7C3E441F985583007501DA /* Configs.m */ = {isa = PBXFileReference; fileEncoding = 4; lastKnownFileType = sourcecode.c.objc; path = Configs.m; sourceTree = "<group>"; };
		FE7C3E461F9857D4007501DA /* ConfigManager.h */ = {isa = PBXFileReference; fileEncoding = 4; lastKnownFileType = sourcecode.c.h; path = ConfigManager.h; sourceTree = "<group>"; };
		FE7C3E471F9857D4007501DA /* ConfigManager.m */ = {isa = PBXFileReference; fileEncoding = 4; lastKnownFileType = sourcecode.c.objc; path = ConfigManager.m; sourceTree = "<group>"; };
		FE7C3E4B1F987CB1007501DA /* Schedule.h */ = {isa = PBXFileReference; fileEncoding = 4; lastKnownFileType = sourcecode.c.h; path = Schedule.h; sourceTree = "<group>"; };
		FE7C3E4C1F987CB1007501DA /* Schedule.m */ = {isa = PBXFileReference; fileEncoding = 4; lastKnownFileType = sourcecode.c.objc; path = Schedule.m; sourceTree = "<group>"; };
		FE7C3E4E1F987CC0007501DA /* ScheduleManager.h */ = {isa = PBXFileReference; fileEncoding = 4; lastKnownFileType = sourcecode.c.h; path = ScheduleManager.h; sourceTree = "<group>"; };
		FE7C3E4F1F987CC0007501DA /* ScheduleManager.m */ = {isa = PBXFileReference; fileEncoding = 4; lastKnownFileType = sourcecode.c.objc; path = ScheduleManager.m; sourceTree = "<group>"; };
		FE7C3E511F987E0D007501DA /* ToolClass.h */ = {isa = PBXFileReference; fileEncoding = 4; lastKnownFileType = sourcecode.c.h; path = ToolClass.h; sourceTree = "<group>"; };
		FE7C3E521F987E0D007501DA /* ToolClass.m */ = {isa = PBXFileReference; fileEncoding = 4; lastKnownFileType = sourcecode.c.objc; path = ToolClass.m; sourceTree = "<group>"; };
/* End PBXFileReference section */

/* Begin PBXFrameworksBuildPhase section */
		FE7C3E201F9852BF007501DA /* Frameworks */ = {
			isa = PBXFrameworksBuildPhase;
			buildActionMask = 2147483647;
			files = (
			);
			runOnlyForDeploymentPostprocessing = 0;
		};
/* End PBXFrameworksBuildPhase section */

/* Begin PBXGroup section */
		FE7C3E1A1F9852BF007501DA = {
			isa = PBXGroup;
			children = (
				FE7C3E251F9852BF007501DA /* OOC-HomeWork */,
				FE7C3E241F9852BF007501DA /* Products */,
			);
			sourceTree = "<group>";
		};
		FE7C3E241F9852BF007501DA /* Products */ = {
			isa = PBXGroup;
			children = (
				FE7C3E231F9852BF007501DA /* OOC-HomeWork.app */,
			);
			name = Products;
			sourceTree = "<group>";
		};
		FE7C3E251F9852BF007501DA /* OOC-HomeWork */ = {
			isa = PBXGroup;
			children = (
				FE7C3E3E1F985390007501DA /* JSON */,
				FE7C3E3D1F98537B007501DA /* Class */,
				FE7C3E291F9852BF007501DA /* AppDelegate.h */,
				FE7C3E2A1F9852BF007501DA /* AppDelegate.m */,
				FE7C3E2C1F9852BF007501DA /* ViewController.h */,
				FE7C3E2D1F9852BF007501DA /* ViewController.m */,
				FE7C3E2F1F9852BF007501DA /* Main.storyboard */,
				FE7C3E321F9852BF007501DA /* Assets.xcassets */,
				FE7C3E341F9852BF007501DA /* LaunchScreen.storyboard */,
				FE7C3E371F9852BF007501DA /* Info.plist */,
				FE7C3E261F9852BF007501DA /* Supporting Files */,
			);
			path = "OOC-HomeWork";
			sourceTree = "<group>";
		};
		FE7C3E261F9852BF007501DA /* Supporting Files */ = {
			isa = PBXGroup;
			children = (
				FE7C3E271F9852BF007501DA /* main.m */,
			);
			name = "Supporting Files";
			sourceTree = "<group>";
		};
		FE7C3E3D1F98537B007501DA /* Class */ = {
			isa = PBXGroup;
			children = (
				FE7C3E431F985583007501DA /* Configs.h */,
				FE7C3E441F985583007501DA /* Configs.m */,
				FE7C3E461F9857D4007501DA /* ConfigManager.h */,
				FE7C3E471F9857D4007501DA /* ConfigManager.m */,
				FE7C3E4B1F987CB1007501DA /* Schedule.h */,
				FE7C3E4C1F987CB1007501DA /* Schedule.m */,
				FE7C3E4E1F987CC0007501DA /* ScheduleManager.h */,
				FE7C3E4F1F987CC0007501DA /* ScheduleManager.m */,
				FE7C3E511F987E0D007501DA /* ToolClass.h */,
				FE7C3E521F987E0D007501DA /* ToolClass.m */,
			);
			name = Class;
			sourceTree = "<group>";
		};
		FE7C3E3E1F985390007501DA /* JSON */ = {
			isa = PBXGroup;
			children = (
				FE7C3E3F1F9854DC007501DA /* Configs.json */,
				FE7C3E401F9854DC007501DA /* Schedules.json */,
			);
			name = JSON;
			sourceTree = "<group>";
		};
/* End PBXGroup section */

/* Begin PBXNativeTarget section */
		FE7C3E221F9852BF007501DA /* OOC-HomeWork */ = {
			isa = PBXNativeTarget;
			buildConfigurationList = FE7C3E3A1F9852BF007501DA /* Build configuration list for PBXNativeTarget "OOC-HomeWork" */;
			buildPhases = (
				FE7C3E1F1F9852BF007501DA /* Sources */,
				FE7C3E201F9852BF007501DA /* Frameworks */,
				FE7C3E211F9852BF007501DA /* Resources */,
			);
			buildRules = (
			);
			dependencies = (
			);
			name = "OOC-HomeWork";
			productName = "OOC-HomeWork";
			productReference = FE7C3E231F9852BF007501DA /* OOC-HomeWork.app */;
			productType = "com.apple.product-type.application";
		};
/* End PBXNativeTarget section */

/* Begin PBXProject section */
		FE7C3E1B1F9852BF007501DA /* Project object */ = {
			isa = PBXProject;
			attributes = {
				LastUpgradeCheck = 0830;
				ORGANIZATIONNAME = Dante;
				TargetAttributes = {
					FE7C3E221F9852BF007501DA = {
						CreatedOnToolsVersion = 8.3.3;
						DevelopmentTeam = DX545MP384;
						ProvisioningStyle = Automatic;
					};
				};
			};
			buildConfigurationList = FE7C3E1E1F9852BF007501DA /* Build configuration list for PBXProject "OOC-HomeWork" */;
			compatibilityVersion = "Xcode 3.2";
			developmentRegion = English;
			hasScannedForEncodings = 0;
			knownRegions = (
				en,
				Base,
			);
			mainGroup = FE7C3E1A1F9852BF007501DA;
			productRefGroup = FE7C3E241F9852BF007501DA /* Products */;
			projectDirPath = "";
			projectRoot = "";
			targets = (
				FE7C3E221F9852BF007501DA /* OOC-HomeWork */,
			);
		};
/* End PBXProject section */

/* Begin PBXResourcesBuildPhase section */
		FE7C3E211F9852BF007501DA /* Resources */ = {
			isa = PBXResourcesBuildPhase;
			buildActionMask = 2147483647;
			files = (
				FE7C3E361F9852BF007501DA /* LaunchScreen.storyboard in Resources */,
				FE7C3E411F9854DC007501DA /* Configs.json in Resources */,
				FE7C3E331F9852BF007501DA /* Assets.xcassets in Resources */,
				FE7C3E421F9854DC007501DA /* Schedules.json in Resources */,
				FE7C3E311F9852BF007501DA /* Main.storyboard in Resources */,
			);
			runOnlyForDeploymentPostprocessing = 0;
		};
/* End PBXResourcesBuildPhase section */

/* Begin PBXSourcesBuildPhase section */
		FE7C3E1F1F9852BF007501DA /* Sources */ = {
			isa = PBXSourcesBuildPhase;
			buildActionMask = 2147483647;
			files = (
				FE7C3E491F986F7E007501DA /* Configs.json in Sources */,
				FE7C3E4A1F986F7E007501DA /* Schedules.json in Sources */,
				FE7C3E531F987E0D007501DA /* ToolClass.m in Sources */,
				FE7C3E4D1F987CB1007501DA /* Schedule.m in Sources */,
				FE7C3E501F987CC0007501DA /* ScheduleManager.m in Sources */,
				FE7C3E481F9857D4007501DA /* ConfigManager.m in Sources */,
				FE7C3E2E1F9852BF007501DA /* ViewController.m in Sources */,
				FE7C3E451F985583007501DA /* Configs.m in Sources */,
				FE7C3E2B1F9852BF007501DA /* AppDelegate.m in Sources */,
				FE7C3E281F9852BF007501DA /* main.m in Sources */,
			);
			runOnlyForDeploymentPostprocessing = 0;
		};
/* End PBXSourcesBuildPhase section */

/* Begin PBXVariantGroup section */
		FE7C3E2F1F9852BF007501DA /* Main.storyboard */ = {
			isa = PBXVariantGroup;
			children = (
				FE7C3E301F9852BF007501DA /* Base */,
			);
			name = Main.storyboard;
			sourceTree = "<group>";
		};
		FE7C3E341F9852BF007501DA /* LaunchScreen.storyboard */ = {
			isa = PBXVariantGroup;
			children = (
				FE7C3E351F9852BF007501DA /* Base */,
			);
			name = LaunchScreen.storyboard;
			sourceTree = "<group>";
		};
/* End PBXVariantGroup section */

/* Begin XCBuildConfiguration section */
		FE7C3E381F9852BF007501DA /* Debug */ = {
			isa = XCBuildConfiguration;
			buildSettings = {
				ALWAYS_SEARCH_USER_PATHS = NO;
				CLANG_ANALYZER_NONNULL = YES;
				CLANG_ANALYZER_NUMBER_OBJECT_CONVERSION = YES_AGGRESSIVE;
				CLANG_CXX_LANGUAGE_STANDARD = "gnu++0x";
				CLANG_CXX_LIBRARY = "libc++";
				CLANG_ENABLE_MODULES = YES;
				CLANG_ENABLE_OBJC_ARC = YES;
				CLANG_WARN_BOOL_CONVERSION = YES;
				CLANG_WARN_CONSTANT_CONVERSION = YES;
				CLANG_WARN_DIRECT_OBJC_ISA_USAGE = YES_ERROR;
				CLANG_WARN_DOCUMENTATION_COMMENTS = YES;
				CLANG_WARN_EMPTY_BODY = YES;
				CLANG_WARN_ENUM_CONVERSION = YES;
				CLANG_WARN_INFINITE_RECURSION = YES;
				CLANG_WARN_INT_CONVERSION = YES;
				CLANG_WARN_OBJC_ROOT_CLASS = YES_ERROR;
				CLANG_WARN_SUSPICIOUS_MOVE = YES;
				CLANG_WARN_UNREACHABLE_CODE = YES;
				CLANG_WARN__DUPLICATE_METHOD_MATCH = YES;
				"CODE_SIGN_IDENTITY[sdk=iphoneos*]" = "iPhone Developer";
				COPY_PHASE_STRIP = NO;
				DEBUG_INFORMATION_FORMAT = dwarf;
				ENABLE_STRICT_OBJC_MSGSEND = YES;
				ENABLE_TESTABILITY = YES;
				GCC_C_LANGUAGE_STANDARD = gnu99;
				GCC_DYNAMIC_NO_PIC = NO;
				GCC_NO_COMMON_BLOCKS = YES;
				GCC_OPTIMIZATION_LEVEL = 0;
				GCC_PREPROCESSOR_DEFINITIONS = (
					"DEBUG=1",
					"$(inherited)",
				);
				GCC_WARN_64_TO_32_BIT_CONVERSION = YES;
				GCC_WARN_ABOUT_RETURN_TYPE = YES_ERROR;
				GCC_WARN_UNDECLARED_SELECTOR = YES;
				GCC_WARN_UNINITIALIZED_AUTOS = YES_AGGRESSIVE;
				GCC_WARN_UNUSED_FUNCTION = YES;
				GCC_WARN_UNUSED_VARIABLE = YES;
				IPHONEOS_DEPLOYMENT_TARGET = 10.3;
				MTL_ENABLE_DEBUG_INFO = YES;
				ONLY_ACTIVE_ARCH = YES;
				SDKROOT = iphoneos;
				TARGETED_DEVICE_FAMILY = "1,2";
			};
			name = Debug;
		};
		FE7C3E391F9852BF007501DA /* Release */ = {
			isa = XCBuildConfiguration;
			buildSettings = {
				ALWAYS_SEARCH_USER_PATHS = NO;
				CLANG_ANALYZER_NONNULL = YES;
				CLANG_ANALYZER_NUMBER_OBJECT_CONVERSION = YES_AGGRESSIVE;
				CLANG_CXX_LANGUAGE_STANDARD = "gnu++0x";
				CLANG_CXX_LIBRARY = "libc++";
				CLANG_ENABLE_MODULES = YES;
				CLANG_ENABLE_OBJC_ARC = YES;
				CLANG_WARN_BOOL_CONVERSION = YES;
				CLANG_WARN_CONSTANT_CONVERSION = YES;
				CLANG_WARN_DIRECT_OBJC_ISA_USAGE = YES_ERROR;
				CLANG_WARN_DOCUMENTATION_COMMENTS = YES;
				CLANG_WARN_EMPTY_BODY = YES;
				CLANG_WARN_ENUM_CONVERSION = YES;
				CLANG_WARN_INFINITE_RECURSION = YES;
				CLANG_WARN_INT_CONVERSION = YES;
				CLANG_WARN_OBJC_ROOT_CLASS = YES_ERROR;
				CLANG_WARN_SUSPICIOUS_MOVE = YES;
				CLANG_WARN_UNREACHABLE_CODE = YES;
				CLANG_WARN__DUPLICATE_METHOD_MATCH = YES;
				"CODE_SIGN_IDENTITY[sdk=iphoneos*]" = "iPhone Developer";
				COPY_PHASE_STRIP = NO;
				DEBUG_INFORMATION_FORMAT = "dwarf-with-dsym";
				ENABLE_NS_ASSERTIONS = NO;
				ENABLE_STRICT_OBJC_MSGSEND = YES;
				GCC_C_LANGUAGE_STANDARD = gnu99;
				GCC_NO_COMMON_BLOCKS = YES;
				GCC_WARN_64_TO_32_BIT_CONVERSION = YES;
				GCC_WARN_ABOUT_RETURN_TYPE = YES_ERROR;
				GCC_WARN_UNDECLARED_SELECTOR = YES;
				GCC_WARN_UNINITIALIZED_AUTOS = YES_AGGRESSIVE;
				GCC_WARN_UNUSED_FUNCTION = YES;
				GCC_WARN_UNUSED_VARIABLE = YES;
				IPHONEOS_DEPLOYMENT_TARGET = 10.3;
				MTL_ENABLE_DEBUG_INFO = NO;
				SDKROOT = iphoneos;
				TARGETED_DEVICE_FAMILY = "1,2";
				VALIDATE_PRODUCT = YES;
			};
			name = Release;
		};
		FE7C3E3B1F9852BF007501DA /* Debug */ = {
			isa = XCBuildConfiguration;
			buildSettings = {
				ASSETCATALOG_COMPILER_APPICON_NAME = AppIcon;
				DEVELOPMENT_TEAM = DX545MP384;
				INFOPLIST_FILE = "OOC-HomeWork/Info.plist";
				LD_RUNPATH_SEARCH_PATHS = "$(inherited) @executable_path/Frameworks";
				PRODUCT_BUNDLE_IDENTIFIER = "senao.OOC-HomeWork";
				PRODUCT_NAME = "$(TARGET_NAME)";
			};
			name = Debug;
		};
		FE7C3E3C1F9852BF007501DA /* Release */ = {
			isa = XCBuildConfiguration;
			buildSettings = {
				ASSETCATALOG_COMPILER_APPICON_NAME = AppIcon;
				DEVELOPMENT_TEAM = DX545MP384;
				INFOPLIST_FILE = "OOC-HomeWork/Info.plist";
				LD_RUNPATH_SEARCH_PATHS = "$(inherited) @executable_path/Frameworks";
				PRODUCT_BUNDLE_IDENTIFIER = "senao.OOC-HomeWork";
				PRODUCT_NAME = "$(TARGET_NAME)";
			};
			name = Release;
		};
/* End XCBuildConfiguration section */

/* Begin XCConfigurationList section */
		FE7C3E1E1F9852BF007501DA /* Build configuration list for PBXProject "OOC-HomeWork" */ = {
			isa = XCConfigurationList;
			buildConfigurations = (
				FE7C3E381F9852BF007501DA /* Debug */,
				FE7C3E391F9852BF007501DA /* Release */,
			);
			defaultConfigurationIsVisible = 0;
			defaultConfigurationName = Release;
		};
		FE7C3E3A1F9852BF007501DA /* Build configuration list for PBXNativeTarget "OOC-HomeWork" */ = {
			isa = XCConfigurationList;
			buildConfigurations = (
				FE7C3E3B1F9852BF007501DA /* Debug */,
				FE7C3E3C1F9852BF007501DA /* Release */,
			);
			defaultConfigurationIsVisible = 0;
			defaultConfigurationName = Release;
		};
/* End XCConfigurationList section */
	};
	rootObject = FE7C3E1B1F9852BF007501DA /* Project object */;
}
